// !$*UTF8*$!
{
	archiveVersion = 1;
	classes = {
	};
	objectVersion = 51;
	objects = {

/* Begin PBXBuildFile section */
		5001E5852448D57200A2EAA1 /* AppDelegate.swift in Sources */ = {isa = PBXBuildFile; fileRef = 5001E5842448D57200A2EAA1 /* AppDelegate.swift */; };
		5001E5872448D57200A2EAA1 /* SceneDelegate.swift in Sources */ = {isa = PBXBuildFile; fileRef = 5001E5862448D57200A2EAA1 /* SceneDelegate.swift */; };
		5001E58C2448D57200A2EAA1 /* Main.storyboard in Resources */ = {isa = PBXBuildFile; fileRef = 5001E58A2448D57200A2EAA1 /* Main.storyboard */; };
		5001E58E2448D57300A2EAA1 /* Assets.xcassets in Resources */ = {isa = PBXBuildFile; fileRef = 5001E58D2448D57300A2EAA1 /* Assets.xcassets */; };
		5001E5912448D57300A2EAA1 /* LaunchScreen.storyboard in Resources */ = {isa = PBXBuildFile; fileRef = 5001E58F2448D57300A2EAA1 /* LaunchScreen.storyboard */; };
		5001E5992448D5CB00A2EAA1 /* RecipeTableView.swift in Sources */ = {isa = PBXBuildFile; fileRef = 5001E5982448D5CB00A2EAA1 /* RecipeTableView.swift */; };
		5001E59B2448D6B000A2EAA1 /* RecipeTableView.xib in Resources */ = {isa = PBXBuildFile; fileRef = 5001E59A2448D6B000A2EAA1 /* RecipeTableView.xib */; };
		5001E59D2448DAF200A2EAA1 /* RecipeTableViewCell.swift in Sources */ = {isa = PBXBuildFile; fileRef = 5001E59C2448DAF200A2EAA1 /* RecipeTableViewCell.swift */; };
		5001E59F2448DBCB00A2EAA1 /* RecipeTableViewCell.xib in Resources */ = {isa = PBXBuildFile; fileRef = 5001E59E2448DBCB00A2EAA1 /* RecipeTableViewCell.xib */; };
		5001E5A12448E1BD00A2EAA1 /* Recipe.swift in Sources */ = {isa = PBXBuildFile; fileRef = 5001E5A02448E1BD00A2EAA1 /* Recipe.swift */; };
		5007F552245AE17F00C40956 /* AppErrors.swift in Sources */ = {isa = PBXBuildFile; fileRef = 5007F551245AE17F00C40956 /* AppErrors.swift */; };
		5007F554245AE63F00C40956 /* SignUpViewModelProtocol.swift in Sources */ = {isa = PBXBuildFile; fileRef = 5007F553245AE63F00C40956 /* SignUpViewModelProtocol.swift */; };
		5007F557245AE80700C40956 /* User.swift in Sources */ = {isa = PBXBuildFile; fileRef = 5007F556245AE80700C40956 /* User.swift */; };
		5007F559245AF2F700C40956 /* SignUpModelProtocol.swift in Sources */ = {isa = PBXBuildFile; fileRef = 5007F558245AF2F700C40956 /* SignUpModelProtocol.swift */; };
		5007F55E245B12B200C40956 /* Collections.swift in Sources */ = {isa = PBXBuildFile; fileRef = 5007F55D245B12B200C40956 /* Collections.swift */; };
		5007F560245B267E00C40956 /* Fields.swift in Sources */ = {isa = PBXBuildFile; fileRef = 5007F55F245B267E00C40956 /* Fields.swift */; };
		504D3856244C566300F345CC /* Pods_FoodCourt.framework in Frameworks */ = {isa = PBXBuildFile; fileRef = 504D3855244C566300F345CC /* Pods_FoodCourt.framework */; };
		504DB86A245CC5DC0052F78E /* SignInModelProtocol.swift in Sources */ = {isa = PBXBuildFile; fileRef = 504DB869245CC5DC0052F78E /* SignInModelProtocol.swift */; };
		504DB86C245CD5D70052F78E /* SignInViewModelProtocol.swift in Sources */ = {isa = PBXBuildFile; fileRef = 504DB86B245CD5D70052F78E /* SignInViewModelProtocol.swift */; };
		504DB874245DAC6A0052F78E /* RecipeTableViewModel.swift in Sources */ = {isa = PBXBuildFile; fileRef = 504DB873245DAC6A0052F78E /* RecipeTableViewModel.swift */; };
		504DB878245DAFD40052F78E /* RecipeTableModel.swift in Sources */ = {isa = PBXBuildFile; fileRef = 504DB877245DAFD40052F78E /* RecipeTableModel.swift */; };
		504DB87D245DBECF0052F78E /* AuthView.swift in Sources */ = {isa = PBXBuildFile; fileRef = 504DB87C245DBECF0052F78E /* AuthView.swift */; };
		504DB881245DBF130052F78E /* AuthView.xib in Resources */ = {isa = PBXBuildFile; fileRef = 504DB880245DBF130052F78E /* AuthView.xib */; };
		504DB886245DCAB30052F78E /* GoogleService-Info.plist in Resources */ = {isa = PBXBuildFile; fileRef = 504DB885245DCAB30052F78E /* GoogleService-Info.plist */; };
		504DB888245F09110052F78E /* Ingredient.swift in Sources */ = {isa = PBXBuildFile; fileRef = 504DB887245F09110052F78E /* Ingredient.swift */; };
		504DB88A245F45960052F78E /* TableCellConfig.swift in Sources */ = {isa = PBXBuildFile; fileRef = 504DB889245F45960052F78E /* TableCellConfig.swift */; };
		5064EAB2246483B200D2F9D4 /* RecipeTableViewModelProtocol.swift in Sources */ = {isa = PBXBuildFile; fileRef = 5064EAB1246483B200D2F9D4 /* RecipeTableViewModelProtocol.swift */; };
		5064EAB42464861900D2F9D4 /* RecipeTableModelProtocol.swift in Sources */ = {isa = PBXBuildFile; fileRef = 5064EAB32464861900D2F9D4 /* RecipeTableModelProtocol.swift */; };
		5064EABB24682E2800D2F9D4 /* MainViewController.swift in Sources */ = {isa = PBXBuildFile; fileRef = 5064EABA24682E2800D2F9D4 /* MainViewController.swift */; };
		5064EABD2468314E00D2F9D4 /* MainViewModel.swift in Sources */ = {isa = PBXBuildFile; fileRef = 5064EABC2468314E00D2F9D4 /* MainViewModel.swift */; };
		5064EABF2468316900D2F9D4 /* MainModel.swift in Sources */ = {isa = PBXBuildFile; fileRef = 5064EABE2468316900D2F9D4 /* MainModel.swift */; };
		507BCC402471B41200F84E73 /* FavoritesView.swift in Sources */ = {isa = PBXBuildFile; fileRef = 507BCC3F2471B41200F84E73 /* FavoritesView.swift */; };
		5083248C2459F5E70021D804 /* SignUpModel.swift in Sources */ = {isa = PBXBuildFile; fileRef = 5083248B2459F5E70021D804 /* SignUpModel.swift */; };
		5083248E2459F6020021D804 /* SignUpViewModel.swift in Sources */ = {isa = PBXBuildFile; fileRef = 5083248D2459F6010021D804 /* SignUpViewModel.swift */; };
		508324902459F72A0021D804 /* SignUpView.swift in Sources */ = {isa = PBXBuildFile; fileRef = 5083248F2459F72A0021D804 /* SignUpView.swift */; };
		508324962459F9CA0021D804 /* SignInView.xib in Resources */ = {isa = PBXBuildFile; fileRef = 508324942459F9C90021D804 /* SignInView.xib */; };
		508324972459F9CA0021D804 /* SignInView.swift in Sources */ = {isa = PBXBuildFile; fileRef = 508324952459F9CA0021D804 /* SignInView.swift */; };
		508324992459F9DE0021D804 /* SignUpView.xib in Resources */ = {isa = PBXBuildFile; fileRef = 508324982459F9DE0021D804 /* SignUpView.xib */; };
		5083249B2459FA100021D804 /* SignInViewModel.swift in Sources */ = {isa = PBXBuildFile; fileRef = 5083249A2459FA100021D804 /* SignInViewModel.swift */; };
		5083249D2459FA1A0021D804 /* SignInModel.swift in Sources */ = {isa = PBXBuildFile; fileRef = 5083249C2459FA1A0021D804 /* SignInModel.swift */; };
		50935CE02472DE1B00558DA8 /* FavoritesView.xib in Resources */ = {isa = PBXBuildFile; fileRef = 50935CDF2472DE1B00558DA8 /* FavoritesView.xib */; };
		50935CE22472E0EA00558DA8 /* ProfileView.xib in Resources */ = {isa = PBXBuildFile; fileRef = 50935CE12472E0EA00558DA8 /* ProfileView.xib */; };
		50F478CD246DA6E600E7553B /* TabBarController.storyboard in Resources */ = {isa = PBXBuildFile; fileRef = 50F478CC246DA6E600E7553B /* TabBarController.storyboard */; };
		50F478D3246DDB1200E7553B /* TabBarController.swift in Sources */ = {isa = PBXBuildFile; fileRef = 50F478D2246DDB1200E7553B /* TabBarController.swift */; };
		50F478DB246ED2DE00E7553B /* ProfileView.swift in Sources */ = {isa = PBXBuildFile; fileRef = 50F478DA246ED2DE00E7553B /* ProfileView.swift */; };
/* End PBXBuildFile section */

/* Begin PBXFileReference section */
		2C5730A1352429A6D150356C /* Pods-FoodCourt.debug.xcconfig */ = {isa = PBXFileReference; includeInIndex = 1; lastKnownFileType = text.xcconfig; name = "Pods-FoodCourt.debug.xcconfig"; path = "Target Support Files/Pods-FoodCourt/Pods-FoodCourt.debug.xcconfig"; sourceTree = "<group>"; };
		5001E5812448D57200A2EAA1 /* FoodCourt.app */ = {isa = PBXFileReference; explicitFileType = wrapper.application; includeInIndex = 0; path = FoodCourt.app; sourceTree = BUILT_PRODUCTS_DIR; };
		5001E5842448D57200A2EAA1 /* AppDelegate.swift */ = {isa = PBXFileReference; lastKnownFileType = sourcecode.swift; path = AppDelegate.swift; sourceTree = "<group>"; };
		5001E5862448D57200A2EAA1 /* SceneDelegate.swift */ = {isa = PBXFileReference; lastKnownFileType = sourcecode.swift; path = SceneDelegate.swift; sourceTree = "<group>"; };
		5001E58B2448D57200A2EAA1 /* Base */ = {isa = PBXFileReference; lastKnownFileType = file.storyboard; name = Base; path = Base.lproj/Main.storyboard; sourceTree = "<group>"; };
		5001E58D2448D57300A2EAA1 /* Assets.xcassets */ = {isa = PBXFileReference; lastKnownFileType = folder.assetcatalog; path = Assets.xcassets; sourceTree = "<group>"; };
		5001E5902448D57300A2EAA1 /* Base */ = {isa = PBXFileReference; lastKnownFileType = file.storyboard; name = Base; path = Base.lproj/LaunchScreen.storyboard; sourceTree = "<group>"; };
		5001E5922448D57300A2EAA1 /* Info.plist */ = {isa = PBXFileReference; lastKnownFileType = text.plist.xml; path = Info.plist; sourceTree = "<group>"; };
		5001E5982448D5CB00A2EAA1 /* RecipeTableView.swift */ = {isa = PBXFileReference; lastKnownFileType = sourcecode.swift; path = RecipeTableView.swift; sourceTree = "<group>"; };
		5001E59A2448D6B000A2EAA1 /* RecipeTableView.xib */ = {isa = PBXFileReference; lastKnownFileType = file.xib; path = RecipeTableView.xib; sourceTree = "<group>"; };
		5001E59C2448DAF200A2EAA1 /* RecipeTableViewCell.swift */ = {isa = PBXFileReference; lastKnownFileType = sourcecode.swift; path = RecipeTableViewCell.swift; sourceTree = "<group>"; };
		5001E59E2448DBCB00A2EAA1 /* RecipeTableViewCell.xib */ = {isa = PBXFileReference; lastKnownFileType = file.xib; path = RecipeTableViewCell.xib; sourceTree = "<group>"; };
		5001E5A02448E1BD00A2EAA1 /* Recipe.swift */ = {isa = PBXFileReference; lastKnownFileType = sourcecode.swift; path = Recipe.swift; sourceTree = "<group>"; };
		5007F551245AE17F00C40956 /* AppErrors.swift */ = {isa = PBXFileReference; lastKnownFileType = sourcecode.swift; path = AppErrors.swift; sourceTree = "<group>"; };
		5007F553245AE63F00C40956 /* SignUpViewModelProtocol.swift */ = {isa = PBXFileReference; lastKnownFileType = sourcecode.swift; path = SignUpViewModelProtocol.swift; sourceTree = "<group>"; };
		5007F556245AE80700C40956 /* User.swift */ = {isa = PBXFileReference; lastKnownFileType = sourcecode.swift; path = User.swift; sourceTree = "<group>"; };
		5007F558245AF2F700C40956 /* SignUpModelProtocol.swift */ = {isa = PBXFileReference; lastKnownFileType = sourcecode.swift; path = SignUpModelProtocol.swift; sourceTree = "<group>"; };
		5007F55D245B12B200C40956 /* Collections.swift */ = {isa = PBXFileReference; lastKnownFileType = sourcecode.swift; path = Collections.swift; sourceTree = "<group>"; };
		5007F55F245B267E00C40956 /* Fields.swift */ = {isa = PBXFileReference; lastKnownFileType = sourcecode.swift; path = Fields.swift; sourceTree = "<group>"; };
		504D3855244C566300F345CC /* Pods_FoodCourt.framework */ = {isa = PBXFileReference; explicitFileType = wrapper.framework; path = Pods_FoodCourt.framework; sourceTree = BUILT_PRODUCTS_DIR; };
		504DB869245CC5DC0052F78E /* SignInModelProtocol.swift */ = {isa = PBXFileReference; lastKnownFileType = sourcecode.swift; path = SignInModelProtocol.swift; sourceTree = "<group>"; };
		504DB86B245CD5D70052F78E /* SignInViewModelProtocol.swift */ = {isa = PBXFileReference; lastKnownFileType = sourcecode.swift; path = SignInViewModelProtocol.swift; sourceTree = "<group>"; };
		504DB873245DAC6A0052F78E /* RecipeTableViewModel.swift */ = {isa = PBXFileReference; lastKnownFileType = sourcecode.swift; path = RecipeTableViewModel.swift; sourceTree = "<group>"; };
		504DB877245DAFD40052F78E /* RecipeTableModel.swift */ = {isa = PBXFileReference; lastKnownFileType = sourcecode.swift; path = RecipeTableModel.swift; sourceTree = "<group>"; };
		504DB87C245DBECF0052F78E /* AuthView.swift */ = {isa = PBXFileReference; lastKnownFileType = sourcecode.swift; path = AuthView.swift; sourceTree = "<group>"; };
		504DB880245DBF130052F78E /* AuthView.xib */ = {isa = PBXFileReference; lastKnownFileType = file.xib; path = AuthView.xib; sourceTree = "<group>"; };
		504DB885245DCAB30052F78E /* GoogleService-Info.plist */ = {isa = PBXFileReference; fileEncoding = 4; lastKnownFileType = text.plist.xml; path = "GoogleService-Info.plist"; sourceTree = "<group>"; };
		504DB887245F09110052F78E /* Ingredient.swift */ = {isa = PBXFileReference; lastKnownFileType = sourcecode.swift; path = Ingredient.swift; sourceTree = "<group>"; };
		504DB889245F45960052F78E /* TableCellConfig.swift */ = {isa = PBXFileReference; lastKnownFileType = sourcecode.swift; path = TableCellConfig.swift; sourceTree = "<group>"; };
		5064EAB1246483B200D2F9D4 /* RecipeTableViewModelProtocol.swift */ = {isa = PBXFileReference; lastKnownFileType = sourcecode.swift; path = RecipeTableViewModelProtocol.swift; sourceTree = "<group>"; };
		5064EAB32464861900D2F9D4 /* RecipeTableModelProtocol.swift */ = {isa = PBXFileReference; lastKnownFileType = sourcecode.swift; path = RecipeTableModelProtocol.swift; sourceTree = "<group>"; };
		5064EABA24682E2800D2F9D4 /* MainViewController.swift */ = {isa = PBXFileReference; lastKnownFileType = sourcecode.swift; path = MainViewController.swift; sourceTree = "<group>"; };
		5064EABC2468314E00D2F9D4 /* MainViewModel.swift */ = {isa = PBXFileReference; lastKnownFileType = sourcecode.swift; path = MainViewModel.swift; sourceTree = "<group>"; };
		5064EABE2468316900D2F9D4 /* MainModel.swift */ = {isa = PBXFileReference; lastKnownFileType = sourcecode.swift; path = MainModel.swift; sourceTree = "<group>"; };
		507BCC3F2471B41200F84E73 /* FavoritesView.swift */ = {isa = PBXFileReference; lastKnownFileType = sourcecode.swift; path = FavoritesView.swift; sourceTree = "<group>"; };
		5083248B2459F5E70021D804 /* SignUpModel.swift */ = {isa = PBXFileReference; fileEncoding = 4; lastKnownFileType = sourcecode.swift; path = SignUpModel.swift; sourceTree = "<group>"; };
		5083248D2459F6010021D804 /* SignUpViewModel.swift */ = {isa = PBXFileReference; fileEncoding = 4; lastKnownFileType = sourcecode.swift; path = SignUpViewModel.swift; sourceTree = "<group>"; };
		5083248F2459F72A0021D804 /* SignUpView.swift */ = {isa = PBXFileReference; lastKnownFileType = sourcecode.swift; path = SignUpView.swift; sourceTree = "<group>"; };
		508324942459F9C90021D804 /* SignInView.xib */ = {isa = PBXFileReference; fileEncoding = 4; lastKnownFileType = file.xib; path = SignInView.xib; sourceTree = "<group>"; };
		508324952459F9CA0021D804 /* SignInView.swift */ = {isa = PBXFileReference; fileEncoding = 4; lastKnownFileType = sourcecode.swift; path = SignInView.swift; sourceTree = "<group>"; };
		508324982459F9DE0021D804 /* SignUpView.xib */ = {isa = PBXFileReference; fileEncoding = 4; lastKnownFileType = file.xib; path = SignUpView.xib; sourceTree = "<group>"; };
		5083249A2459FA100021D804 /* SignInViewModel.swift */ = {isa = PBXFileReference; fileEncoding = 4; lastKnownFileType = sourcecode.swift; path = SignInViewModel.swift; sourceTree = "<group>"; };
		5083249C2459FA1A0021D804 /* SignInModel.swift */ = {isa = PBXFileReference; fileEncoding = 4; lastKnownFileType = sourcecode.swift; path = SignInModel.swift; sourceTree = "<group>"; };
		50862FF92455F2FA003AC88E /* FoodCourt */ = {isa = PBXFileReference; lastKnownFileType = folder; path = FoodCourt; sourceTree = "<group>"; };
		50862FFA2455F312003AC88E /* FoodCourtLocalDB.framework */ = {isa = PBXFileReference; lastKnownFileType = wrapper.framework; name = FoodCourtLocalDB.framework; path = FoodCourtLocalDB/FoodCourtLocalDB.framework; sourceTree = "<group>"; };
		50935CDF2472DE1B00558DA8 /* FavoritesView.xib */ = {isa = PBXFileReference; lastKnownFileType = file.xib; path = FavoritesView.xib; sourceTree = "<group>"; };
		50935CE12472E0EA00558DA8 /* ProfileView.xib */ = {isa = PBXFileReference; lastKnownFileType = file.xib; path = ProfileView.xib; sourceTree = "<group>"; };
		50F478CC246DA6E600E7553B /* TabBarController.storyboard */ = {isa = PBXFileReference; lastKnownFileType = file.storyboard; path = TabBarController.storyboard; sourceTree = "<group>"; };
		50F478D2246DDB1200E7553B /* TabBarController.swift */ = {isa = PBXFileReference; lastKnownFileType = sourcecode.swift; name = TabBarController.swift; path = ../TabBarController.swift; sourceTree = "<group>"; };
		50F478DA246ED2DE00E7553B /* ProfileView.swift */ = {isa = PBXFileReference; lastKnownFileType = sourcecode.swift; path = ProfileView.swift; sourceTree = "<group>"; };
		B3660A927B7B8094EDEB8909 /* Pods-FoodCourt.release.xcconfig */ = {isa = PBXFileReference; includeInIndex = 1; lastKnownFileType = text.xcconfig; name = "Pods-FoodCourt.release.xcconfig"; path = "Target Support Files/Pods-FoodCourt/Pods-FoodCourt.release.xcconfig"; sourceTree = "<group>"; };
/* End PBXFileReference section */

/* Begin PBXFrameworksBuildPhase section */
		5001E57E2448D57200A2EAA1 /* Frameworks */ = {
			isa = PBXFrameworksBuildPhase;
			buildActionMask = 2147483647;
			files = (
				504D3856244C566300F345CC /* Pods_FoodCourt.framework in Frameworks */,
			);
			runOnlyForDeploymentPostprocessing = 0;
		};
/* End PBXFrameworksBuildPhase section */

/* Begin PBXGroup section */
		42AD33F0B0CF7681BA2AC2C5 /* Frameworks */ = {
			isa = PBXGroup;
			children = (
				50862FFA2455F312003AC88E /* FoodCourtLocalDB.framework */,
				50862FF92455F2FA003AC88E /* FoodCourt */,
				504D3855244C566300F345CC /* Pods_FoodCourt.framework */,
			);
			name = Frameworks;
			sourceTree = "<group>";
		};
		5001E5782448D57200A2EAA1 = {
			isa = PBXGroup;
			children = (
				504DB885245DCAB30052F78E /* GoogleService-Info.plist */,
				5001E5832448D57200A2EAA1 /* FoodCourt */,
				5001E5822448D57200A2EAA1 /* Products */,
				5C6BB3B7A3DFDA455372DD95 /* Pods */,
				42AD33F0B0CF7681BA2AC2C5 /* Frameworks */,
			);
			sourceTree = "<group>";
		};
		5001E5822448D57200A2EAA1 /* Products */ = {
			isa = PBXGroup;
			children = (
				5001E5812448D57200A2EAA1 /* FoodCourt.app */,
			);
			name = Products;
			sourceTree = "<group>";
		};
		5001E5832448D57200A2EAA1 /* FoodCourt */ = {
			isa = PBXGroup;
			children = (
				504DB86D245DA29F0052F78E /* Loading */,
				5083247E2459F2CB0021D804 /* Authentication */,
				504DB86E245DA8060052F78E /* Application */,
				5007F54F245AE12E00C40956 /* Errors */,
				5007F55A245B11D200C40956 /* Constants */,
				5007F555245AE79B00C40956 /* Entities */,
				5001E5842448D57200A2EAA1 /* AppDelegate.swift */,
				5001E5862448D57200A2EAA1 /* SceneDelegate.swift */,
				5001E58D2448D57300A2EAA1 /* Assets.xcassets */,
				5001E58F2448D57300A2EAA1 /* LaunchScreen.storyboard */,
				5001E5922448D57300A2EAA1 /* Info.plist */,
			);
			path = FoodCourt;
			sourceTree = "<group>";
		};
		5007F54F245AE12E00C40956 /* Errors */ = {
			isa = PBXGroup;
			children = (
				5007F551245AE17F00C40956 /* AppErrors.swift */,
			);
			path = Errors;
			sourceTree = "<group>";
		};
		5007F555245AE79B00C40956 /* Entities */ = {
			isa = PBXGroup;
			children = (
				5001E5A02448E1BD00A2EAA1 /* Recipe.swift */,
				5007F556245AE80700C40956 /* User.swift */,
				504DB887245F09110052F78E /* Ingredient.swift */,
			);
			path = Entities;
			sourceTree = "<group>";
		};
		5007F55A245B11D200C40956 /* Constants */ = {
			isa = PBXGroup;
			children = (
				5007F55D245B12B200C40956 /* Collections.swift */,
				5007F55F245B267E00C40956 /* Fields.swift */,
				504DB889245F45960052F78E /* TableCellConfig.swift */,
			);
			path = Constants;
			sourceTree = "<group>";
		};
		504DB86D245DA29F0052F78E /* Loading */ = {
			isa = PBXGroup;
			children = (
				5064EAB724682CA500D2F9D4 /* View */,
				5064EAB824682CAB00D2F9D4 /* ViewModel */,
				5064EAB924682CB400D2F9D4 /* Model */,
			);
			path = Loading;
			sourceTree = "<group>";
		};
		504DB86E245DA8060052F78E /* Application */ = {
			isa = PBXGroup;
			children = (
				50F478CE246DA8A500E7553B /* Loading */,
				50F478D4246ED25D00E7553B /* Favorites */,
				504DB86F245DA82C0052F78E /* RecipeFeed */,
				50F478D8246ED2B000E7553B /* Profile */,
			);
			path = Application;
			sourceTree = "<group>";
		};
		504DB86F245DA82C0052F78E /* RecipeFeed */ = {
			isa = PBXGroup;
			children = (
				504DB870245DA89F0052F78E /* View */,
				504DB872245DA8E50052F78E /* ViewModel */,
				504DB871245DA8DA0052F78E /* Model */,
			);
			path = RecipeFeed;
			sourceTree = "<group>";
		};
		504DB870245DA89F0052F78E /* View */ = {
			isa = PBXGroup;
			children = (
				504DB879245DB0830052F78E /* Table */,
				504DB87A245DB0950052F78E /* TableCell */,
			);
			path = View;
			sourceTree = "<group>";
		};
		504DB871245DA8DA0052F78E /* Model */ = {
			isa = PBXGroup;
			children = (
				504DB877245DAFD40052F78E /* RecipeTableModel.swift */,
				5064EAB32464861900D2F9D4 /* RecipeTableModelProtocol.swift */,
			);
			path = Model;
			sourceTree = "<group>";
		};
		504DB872245DA8E50052F78E /* ViewModel */ = {
			isa = PBXGroup;
			children = (
				504DB873245DAC6A0052F78E /* RecipeTableViewModel.swift */,
				5064EAB1246483B200D2F9D4 /* RecipeTableViewModelProtocol.swift */,
			);
			path = ViewModel;
			sourceTree = "<group>";
		};
		504DB879245DB0830052F78E /* Table */ = {
			isa = PBXGroup;
			children = (
				5001E5982448D5CB00A2EAA1 /* RecipeTableView.swift */,
				5001E59A2448D6B000A2EAA1 /* RecipeTableView.xib */,
			);
			path = Table;
			sourceTree = "<group>";
		};
		504DB87A245DB0950052F78E /* TableCell */ = {
			isa = PBXGroup;
			children = (
				5001E59C2448DAF200A2EAA1 /* RecipeTableViewCell.swift */,
				5001E59E2448DBCB00A2EAA1 /* RecipeTableViewCell.xib */,
			);
			path = TableCell;
			sourceTree = "<group>";
		};
		504DB87B245DBEAF0052F78E /* Auth */ = {
			isa = PBXGroup;
			children = (
				504DB882245DBF900052F78E /* View */,
			);
			path = Auth;
			sourceTree = "<group>";
		};
		504DB882245DBF900052F78E /* View */ = {
			isa = PBXGroup;
			children = (
				504DB87C245DBECF0052F78E /* AuthView.swift */,
				504DB880245DBF130052F78E /* AuthView.xib */,
			);
			path = View;
			sourceTree = "<group>";
		};
		5064EAB724682CA500D2F9D4 /* View */ = {
			isa = PBXGroup;
			children = (
				5064EABA24682E2800D2F9D4 /* MainViewController.swift */,
				5001E58A2448D57200A2EAA1 /* Main.storyboard */,
			);
			path = View;
			sourceTree = "<group>";
		};
		5064EAB824682CAB00D2F9D4 /* ViewModel */ = {
			isa = PBXGroup;
			children = (
				5064EABC2468314E00D2F9D4 /* MainViewModel.swift */,
			);
			path = ViewModel;
			sourceTree = "<group>";
		};
		5064EAB924682CB400D2F9D4 /* Model */ = {
			isa = PBXGroup;
			children = (
				5064EABE2468316900D2F9D4 /* MainModel.swift */,
			);
			path = Model;
			sourceTree = "<group>";
		};
		507BCC3E2471B34300F84E73 /* View */ = {
			isa = PBXGroup;
			children = (
				507BCC3F2471B41200F84E73 /* FavoritesView.swift */,
				50935CDF2472DE1B00558DA8 /* FavoritesView.xib */,
			);
			path = View;
			sourceTree = "<group>";
		};
		5083247E2459F2CB0021D804 /* Authentication */ = {
			isa = PBXGroup;
			children = (
				504DB87B245DBEAF0052F78E /* Auth */,
				508324862459F5620021D804 /* SignUp */,
				508324872459F59A0021D804 /* SignIn */,
			);
			path = Authentication;
			sourceTree = "<group>";
		};
		508324862459F5620021D804 /* SignUp */ = {
			isa = PBXGroup;
			children = (
				5083248A2459F5C50021D804 /* View */,
				508324892459F5BA0021D804 /* ViewModel */,
				508324882459F5AB0021D804 /* Model */,
			);
			path = SignUp;
			sourceTree = "<group>";
		};
		508324872459F59A0021D804 /* SignIn */ = {
			isa = PBXGroup;
			children = (
				508324912459F90D0021D804 /* Views */,
				508324922459F9530021D804 /* ViewModels */,
				508324932459F9660021D804 /* Models */,
			);
			path = SignIn;
			sourceTree = "<group>";
		};
		508324882459F5AB0021D804 /* Model */ = {
			isa = PBXGroup;
			children = (
				5083248B2459F5E70021D804 /* SignUpModel.swift */,
				5007F558245AF2F700C40956 /* SignUpModelProtocol.swift */,
			);
			path = Model;
			sourceTree = "<group>";
		};
		508324892459F5BA0021D804 /* ViewModel */ = {
			isa = PBXGroup;
			children = (
				5083248D2459F6010021D804 /* SignUpViewModel.swift */,
				5007F553245AE63F00C40956 /* SignUpViewModelProtocol.swift */,
			);
			path = ViewModel;
			sourceTree = "<group>";
		};
		5083248A2459F5C50021D804 /* View */ = {
			isa = PBXGroup;
			children = (
				5083248F2459F72A0021D804 /* SignUpView.swift */,
				508324982459F9DE0021D804 /* SignUpView.xib */,
			);
			path = View;
			sourceTree = "<group>";
		};
		508324912459F90D0021D804 /* Views */ = {
			isa = PBXGroup;
			children = (
				508324952459F9CA0021D804 /* SignInView.swift */,
				508324942459F9C90021D804 /* SignInView.xib */,
			);
			path = Views;
			sourceTree = "<group>";
		};
		508324922459F9530021D804 /* ViewModels */ = {
			isa = PBXGroup;
			children = (
				5083249A2459FA100021D804 /* SignInViewModel.swift */,
				504DB86B245CD5D70052F78E /* SignInViewModelProtocol.swift */,
			);
			path = ViewModels;
			sourceTree = "<group>";
		};
		508324932459F9660021D804 /* Models */ = {
			isa = PBXGroup;
			children = (
				5083249C2459FA1A0021D804 /* SignInModel.swift */,
				504DB869245CC5DC0052F78E /* SignInModelProtocol.swift */,
			);
			path = Models;
			sourceTree = "<group>";
		};
		50F478CE246DA8A500E7553B /* Loading */ = {
			isa = PBXGroup;
			children = (
				50F478D2246DDB1200E7553B /* TabBarController.swift */,
				50F478CC246DA6E600E7553B /* TabBarController.storyboard */,
			);
			path = Loading;
			sourceTree = "<group>";
		};
		50F478D4246ED25D00E7553B /* Favorites */ = {
			isa = PBXGroup;
			children = (
				507BCC3E2471B34300F84E73 /* View */,
			);
			path = Favorites;
			sourceTree = "<group>";
		};
		50F478D8246ED2B000E7553B /* Profile */ = {
			isa = PBXGroup;
			children = (
				50F478D9246ED2C100E7553B /* View */,
			);
			path = Profile;
			sourceTree = "<group>";
		};
		50F478D9246ED2C100E7553B /* View */ = {
			isa = PBXGroup;
			children = (
				50F478DA246ED2DE00E7553B /* ProfileView.swift */,
				50935CE12472E0EA00558DA8 /* ProfileView.xib */,
			);
			path = View;
			sourceTree = "<group>";
		};
		5C6BB3B7A3DFDA455372DD95 /* Pods */ = {
			isa = PBXGroup;
			children = (
				2C5730A1352429A6D150356C /* Pods-FoodCourt.debug.xcconfig */,
				B3660A927B7B8094EDEB8909 /* Pods-FoodCourt.release.xcconfig */,
			);
			path = Pods;
			sourceTree = "<group>";
		};
/* End PBXGroup section */

/* Begin PBXNativeTarget section */
		5001E5802448D57200A2EAA1 /* FoodCourt */ = {
			isa = PBXNativeTarget;
			buildConfigurationList = 5001E5952448D57300A2EAA1 /* Build configuration list for PBXNativeTarget "FoodCourt" */;
			buildPhases = (
				72B4ED8549F02D39ACB348C4 /* [CP] Check Pods Manifest.lock */,
				5001E57D2448D57200A2EAA1 /* Sources */,
				5001E57E2448D57200A2EAA1 /* Frameworks */,
				5001E57F2448D57200A2EAA1 /* Resources */,
				E097C651CDA2B5B0C017047C /* [CP] Embed Pods Frameworks */,
			);
			buildRules = (
			);
			dependencies = (
			);
			name = FoodCourt;
			productName = FoodCourt;
			productReference = 5001E5812448D57200A2EAA1 /* FoodCourt.app */;
			productType = "com.apple.product-type.application";
		};
/* End PBXNativeTarget section */

/* Begin PBXProject section */
		5001E5792448D57200A2EAA1 /* Project object */ = {
			isa = PBXProject;
			attributes = {
				LastSwiftUpdateCheck = 1140;
				LastUpgradeCheck = 1140;
				ORGANIZATIONNAME = "Maksim Boichuk";
				TargetAttributes = {
					5001E5802448D57200A2EAA1 = {
						CreatedOnToolsVersion = 11.4;
					};
				};
			};
			buildConfigurationList = 5001E57C2448D57200A2EAA1 /* Build configuration list for PBXProject "FoodCourt" */;
			compatibilityVersion = "Xcode 9.3";
			developmentRegion = en;
			hasScannedForEncodings = 0;
			knownRegions = (
				en,
				Base,
			);
			mainGroup = 5001E5782448D57200A2EAA1;
			productRefGroup = 5001E5822448D57200A2EAA1 /* Products */;
			projectDirPath = "";
			projectRoot = "";
			targets = (
				5001E5802448D57200A2EAA1 /* FoodCourt */,
			);
		};
/* End PBXProject section */

/* Begin PBXResourcesBuildPhase section */
		5001E57F2448D57200A2EAA1 /* Resources */ = {
			isa = PBXResourcesBuildPhase;
			buildActionMask = 2147483647;
			files = (
				50935CE02472DE1B00558DA8 /* FavoritesView.xib in Resources */,
				5001E5912448D57300A2EAA1 /* LaunchScreen.storyboard in Resources */,
				5001E58E2448D57300A2EAA1 /* Assets.xcassets in Resources */,
				504DB886245DCAB30052F78E /* GoogleService-Info.plist in Resources */,
				504DB881245DBF130052F78E /* AuthView.xib in Resources */,
				508324992459F9DE0021D804 /* SignUpView.xib in Resources */,
				508324962459F9CA0021D804 /* SignInView.xib in Resources */,
				5001E58C2448D57200A2EAA1 /* Main.storyboard in Resources */,
				50935CE22472E0EA00558DA8 /* ProfileView.xib in Resources */,
				50F478CD246DA6E600E7553B /* TabBarController.storyboard in Resources */,
				5001E59F2448DBCB00A2EAA1 /* RecipeTableViewCell.xib in Resources */,
				5001E59B2448D6B000A2EAA1 /* RecipeTableView.xib in Resources */,
			);
			runOnlyForDeploymentPostprocessing = 0;
		};
/* End PBXResourcesBuildPhase section */

/* Begin PBXShellScriptBuildPhase section */
		72B4ED8549F02D39ACB348C4 /* [CP] Check Pods Manifest.lock */ = {
			isa = PBXShellScriptBuildPhase;
			buildActionMask = 2147483647;
			files = (
			);
			inputFileListPaths = (
			);
			inputPaths = (
				"${PODS_PODFILE_DIR_PATH}/Podfile.lock",
				"${PODS_ROOT}/Manifest.lock",
			);
			name = "[CP] Check Pods Manifest.lock";
			outputFileListPaths = (
			);
			outputPaths = (
				"$(DERIVED_FILE_DIR)/Pods-FoodCourt-checkManifestLockResult.txt",
			);
			runOnlyForDeploymentPostprocessing = 0;
			shellPath = /bin/sh;
			shellScript = "diff \"${PODS_PODFILE_DIR_PATH}/Podfile.lock\" \"${PODS_ROOT}/Manifest.lock\" > /dev/null\nif [ $? != 0 ] ; then\n    # print error to STDERR\n    echo \"error: The sandbox is not in sync with the Podfile.lock. Run 'pod install' or update your CocoaPods installation.\" >&2\n    exit 1\nfi\n# This output is used by Xcode 'outputs' to avoid re-running this script phase.\necho \"SUCCESS\" > \"${SCRIPT_OUTPUT_FILE_0}\"\n";
			showEnvVarsInLog = 0;
		};
		E097C651CDA2B5B0C017047C /* [CP] Embed Pods Frameworks */ = {
			isa = PBXShellScriptBuildPhase;
			buildActionMask = 2147483647;
			files = (
			);
			inputFileListPaths = (
				"${PODS_ROOT}/Target Support Files/Pods-FoodCourt/Pods-FoodCourt-frameworks-${CONFIGURATION}-input-files.xcfilelist",
			);
			name = "[CP] Embed Pods Frameworks";
			outputFileListPaths = (
				"${PODS_ROOT}/Target Support Files/Pods-FoodCourt/Pods-FoodCourt-frameworks-${CONFIGURATION}-output-files.xcfilelist",
			);
			runOnlyForDeploymentPostprocessing = 0;
			shellPath = /bin/sh;
			shellScript = "\"${PODS_ROOT}/Target Support Files/Pods-FoodCourt/Pods-FoodCourt-frameworks.sh\"\n";
			showEnvVarsInLog = 0;
		};
/* End PBXShellScriptBuildPhase section */

/* Begin PBXSourcesBuildPhase section */
		5001E57D2448D57200A2EAA1 /* Sources */ = {
			isa = PBXSourcesBuildPhase;
			buildActionMask = 2147483647;
			files = (
				508324972459F9CA0021D804 /* SignInView.swift in Sources */,
				504DB874245DAC6A0052F78E /* RecipeTableViewModel.swift in Sources */,
				504DB878245DAFD40052F78E /* RecipeTableModel.swift in Sources */,
				5007F559245AF2F700C40956 /* SignUpModelProtocol.swift in Sources */,
				508324902459F72A0021D804 /* SignUpView.swift in Sources */,
				504DB86C245CD5D70052F78E /* SignInViewModelProtocol.swift in Sources */,
				504DB87D245DBECF0052F78E /* AuthView.swift in Sources */,
				5064EABD2468314E00D2F9D4 /* MainViewModel.swift in Sources */,
				504DB86A245CC5DC0052F78E /* SignInModelProtocol.swift in Sources */,
				5007F560245B267E00C40956 /* Fields.swift in Sources */,
				5064EAB2246483B200D2F9D4 /* RecipeTableViewModelProtocol.swift in Sources */,
				5083249D2459FA1A0021D804 /* SignInModel.swift in Sources */,
				5064EABF2468316900D2F9D4 /* MainModel.swift in Sources */,
				5083248C2459F5E70021D804 /* SignUpModel.swift in Sources */,
				50F478D3246DDB1200E7553B /* TabBarController.swift in Sources */,
				5083249B2459FA100021D804 /* SignInViewModel.swift in Sources */,
				5083248E2459F6020021D804 /* SignUpViewModel.swift in Sources */,
				5007F557245AE80700C40956 /* User.swift in Sources */,
				5007F552245AE17F00C40956 /* AppErrors.swift in Sources */,
				5001E59D2448DAF200A2EAA1 /* RecipeTableViewCell.swift in Sources */,
				5001E5852448D57200A2EAA1 /* AppDelegate.swift in Sources */,
				5007F554245AE63F00C40956 /* SignUpViewModelProtocol.swift in Sources */,
				5001E5A12448E1BD00A2EAA1 /* Recipe.swift in Sources */,
				50F478DB246ED2DE00E7553B /* ProfileView.swift in Sources */,
				504DB888245F09110052F78E /* Ingredient.swift in Sources */,
				5064EABB24682E2800D2F9D4 /* MainViewController.swift in Sources */,
				504DB88A245F45960052F78E /* TableCellConfig.swift in Sources */,
				5007F55E245B12B200C40956 /* Collections.swift in Sources */,
				507BCC402471B41200F84E73 /* FavoritesView.swift in Sources */,
				5064EAB42464861900D2F9D4 /* RecipeTableModelProtocol.swift in Sources */,
				5001E5872448D57200A2EAA1 /* SceneDelegate.swift in Sources */,
				5001E5992448D5CB00A2EAA1 /* RecipeTableView.swift in Sources */,
			);
			runOnlyForDeploymentPostprocessing = 0;
		};
/* End PBXSourcesBuildPhase section */

/* Begin PBXVariantGroup section */
		5001E58A2448D57200A2EAA1 /* Main.storyboard */ = {
			isa = PBXVariantGroup;
			children = (
				5001E58B2448D57200A2EAA1 /* Base */,
			);
			name = Main.storyboard;
			sourceTree = "<group>";
		};
		5001E58F2448D57300A2EAA1 /* LaunchScreen.storyboard */ = {
			isa = PBXVariantGroup;
			children = (
				5001E5902448D57300A2EAA1 /* Base */,
			);
			name = LaunchScreen.storyboard;
			sourceTree = "<group>";
		};
/* End PBXVariantGroup section */

/* Begin XCBuildConfiguration section */
		5001E5932448D57300A2EAA1 /* Debug */ = {
			isa = XCBuildConfiguration;
			buildSettings = {
				ALWAYS_SEARCH_USER_PATHS = NO;
				CLANG_ANALYZER_NONNULL = YES;
				CLANG_ANALYZER_NUMBER_OBJECT_CONVERSION = YES_AGGRESSIVE;
				CLANG_CXX_LANGUAGE_STANDARD = "gnu++14";
				CLANG_CXX_LIBRARY = "libc++";
				CLANG_ENABLE_MODULES = YES;
				CLANG_ENABLE_OBJC_ARC = YES;
				CLANG_ENABLE_OBJC_WEAK = YES;
				CLANG_WARN_BLOCK_CAPTURE_AUTORELEASING = YES;
				CLANG_WARN_BOOL_CONVERSION = YES;
				CLANG_WARN_COMMA = YES;
				CLANG_WARN_CONSTANT_CONVERSION = YES;
				CLANG_WARN_DEPRECATED_OBJC_IMPLEMENTATIONS = YES;
				CLANG_WARN_DIRECT_OBJC_ISA_USAGE = YES_ERROR;
				CLANG_WARN_DOCUMENTATION_COMMENTS = YES;
				CLANG_WARN_EMPTY_BODY = YES;
				CLANG_WARN_ENUM_CONVERSION = YES;
				CLANG_WARN_INFINITE_RECURSION = YES;
				CLANG_WARN_INT_CONVERSION = YES;
				CLANG_WARN_NON_LITERAL_NULL_CONVERSION = YES;
				CLANG_WARN_OBJC_IMPLICIT_RETAIN_SELF = YES;
				CLANG_WARN_OBJC_LITERAL_CONVERSION = YES;
				CLANG_WARN_OBJC_ROOT_CLASS = YES_ERROR;
				CLANG_WARN_RANGE_LOOP_ANALYSIS = YES;
				CLANG_WARN_STRICT_PROTOTYPES = YES;
				CLANG_WARN_SUSPICIOUS_MOVE = YES;
				CLANG_WARN_UNGUARDED_AVAILABILITY = YES_AGGRESSIVE;
				CLANG_WARN_UNREACHABLE_CODE = YES;
				CLANG_WARN__DUPLICATE_METHOD_MATCH = YES;
				COPY_PHASE_STRIP = NO;
				DEBUG_INFORMATION_FORMAT = dwarf;
				ENABLE_STRICT_OBJC_MSGSEND = YES;
				ENABLE_TESTABILITY = YES;
				FRAMEWORK_SEARCH_PATHS = "$(PROJECT_DIR)/**";
				GCC_C_LANGUAGE_STANDARD = gnu11;
				GCC_DYNAMIC_NO_PIC = NO;
				GCC_NO_COMMON_BLOCKS = YES;
				GCC_OPTIMIZATION_LEVEL = 0;
				GCC_PREPROCESSOR_DEFINITIONS = (
					"DEBUG=1",
					"$(inherited)",
				);
				GCC_WARN_64_TO_32_BIT_CONVERSION = YES;
				GCC_WARN_ABOUT_RETURN_TYPE = YES_ERROR;
				GCC_WARN_UNDECLARED_SELECTOR = YES;
				GCC_WARN_UNINITIALIZED_AUTOS = YES_AGGRESSIVE;
				GCC_WARN_UNUSED_FUNCTION = YES;
				GCC_WARN_UNUSED_VARIABLE = YES;
				IPHONEOS_DEPLOYMENT_TARGET = 13.1;
				MTL_ENABLE_DEBUG_INFO = INCLUDE_SOURCE;
				MTL_FAST_MATH = YES;
				ONLY_ACTIVE_ARCH = YES;
				SDKROOT = iphoneos;
				SWIFT_ACTIVE_COMPILATION_CONDITIONS = DEBUG;
				SWIFT_OPTIMIZATION_LEVEL = "-Onone";
			};
			name = Debug;
		};
		5001E5942448D57300A2EAA1 /* Release */ = {
			isa = XCBuildConfiguration;
			buildSettings = {
				ALWAYS_SEARCH_USER_PATHS = NO;
				CLANG_ANALYZER_NONNULL = YES;
				CLANG_ANALYZER_NUMBER_OBJECT_CONVERSION = YES_AGGRESSIVE;
				CLANG_CXX_LANGUAGE_STANDARD = "gnu++14";
				CLANG_CXX_LIBRARY = "libc++";
				CLANG_ENABLE_MODULES = YES;
				CLANG_ENABLE_OBJC_ARC = YES;
				CLANG_ENABLE_OBJC_WEAK = YES;
				CLANG_WARN_BLOCK_CAPTURE_AUTORELEASING = YES;
				CLANG_WARN_BOOL_CONVERSION = YES;
				CLANG_WARN_COMMA = YES;
				CLANG_WARN_CONSTANT_CONVERSION = YES;
				CLANG_WARN_DEPRECATED_OBJC_IMPLEMENTATIONS = YES;
				CLANG_WARN_DIRECT_OBJC_ISA_USAGE = YES_ERROR;
				CLANG_WARN_DOCUMENTATION_COMMENTS = YES;
				CLANG_WARN_EMPTY_BODY = YES;
				CLANG_WARN_ENUM_CONVERSION = YES;
				CLANG_WARN_INFINITE_RECURSION = YES;
				CLANG_WARN_INT_CONVERSION = YES;
				CLANG_WARN_NON_LITERAL_NULL_CONVERSION = YES;
				CLANG_WARN_OBJC_IMPLICIT_RETAIN_SELF = YES;
				CLANG_WARN_OBJC_LITERAL_CONVERSION = YES;
				CLANG_WARN_OBJC_ROOT_CLASS = YES_ERROR;
				CLANG_WARN_RANGE_LOOP_ANALYSIS = YES;
				CLANG_WARN_STRICT_PROTOTYPES = YES;
				CLANG_WARN_SUSPICIOUS_MOVE = YES;
				CLANG_WARN_UNGUARDED_AVAILABILITY = YES_AGGRESSIVE;
				CLANG_WARN_UNREACHABLE_CODE = YES;
				CLANG_WARN__DUPLICATE_METHOD_MATCH = YES;
				COPY_PHASE_STRIP = NO;
				DEBUG_INFORMATION_FORMAT = "dwarf-with-dsym";
				ENABLE_NS_ASSERTIONS = NO;
				ENABLE_STRICT_OBJC_MSGSEND = YES;
				FRAMEWORK_SEARCH_PATHS = "$(PROJECT_DIR)/**";
				GCC_C_LANGUAGE_STANDARD = gnu11;
				GCC_NO_COMMON_BLOCKS = YES;
				GCC_WARN_64_TO_32_BIT_CONVERSION = YES;
				GCC_WARN_ABOUT_RETURN_TYPE = YES_ERROR;
				GCC_WARN_UNDECLARED_SELECTOR = YES;
				GCC_WARN_UNINITIALIZED_AUTOS = YES_AGGRESSIVE;
				GCC_WARN_UNUSED_FUNCTION = YES;
				GCC_WARN_UNUSED_VARIABLE = YES;
				IPHONEOS_DEPLOYMENT_TARGET = 13.1;
				MTL_ENABLE_DEBUG_INFO = NO;
				MTL_FAST_MATH = YES;
				SDKROOT = iphoneos;
				SWIFT_COMPILATION_MODE = wholemodule;
				SWIFT_OPTIMIZATION_LEVEL = "-O";
				VALIDATE_PRODUCT = YES;
			};
			name = Release;
		};
		5001E5962448D57300A2EAA1 /* Debug */ = {
			isa = XCBuildConfiguration;
			baseConfigurationReference = 2C5730A1352429A6D150356C /* Pods-FoodCourt.debug.xcconfig */;
			buildSettings = {
				ASSETCATALOG_COMPILER_APPICON_NAME = AppIcon;
				CODE_SIGN_STYLE = Automatic;
				DEVELOPMENT_TEAM = J667XTYP72;
				FRAMEWORK_SEARCH_PATHS = (
					"$(inherited)",
					"$(PROJECT_DIR)",
				);
				HEADER_SEARCH_PATHS = (
					"$(inherited)",
					"\"${PODS_CONFIGURATION_BUILD_DIR}/Cosmos/Cosmos.framework/Headers\"",
					"\"${PODS_CONFIGURATION_BUILD_DIR}/Kingfisher/Kingfisher.framework/Headers\"",
					"\"${PODS_CONFIGURATION_BUILD_DIR}/TinyConstraints/TinyConstraints.framework/Headers\"",
				);
				INFOPLIST_FILE = FoodCourt/Info.plist;
				LD_RUNPATH_SEARCH_PATHS = (
					"$(inherited)",
					"@executable_path/Frameworks",
				);
				PRODUCT_BUNDLE_IDENTIFIER = com.bmstu.foodcourt;
				PRODUCT_NAME = "$(TARGET_NAME)";
				SWIFT_VERSION = 5.0;
				TARGETED_DEVICE_FAMILY = "1,2";
			};
			name = Debug;
		};
		5001E5972448D57300A2EAA1 /* Release */ = {
			isa = XCBuildConfiguration;
			baseConfigurationReference = B3660A927B7B8094EDEB8909 /* Pods-FoodCourt.release.xcconfig */;
			buildSettings = {
				ASSETCATALOG_COMPILER_APPICON_NAME = AppIcon;
				CODE_SIGN_STYLE = Automatic;
				DEVELOPMENT_TEAM = J667XTYP72;
				FRAMEWORK_SEARCH_PATHS = (
					"$(inherited)",
					"$(PROJECT_DIR)",
				);
				HEADER_SEARCH_PATHS = (
					"$(inherited)",
					"\"${PODS_CONFIGURATION_BUILD_DIR}/Cosmos/Cosmos.framework/Headers\"",
					"\"${PODS_CONFIGURATION_BUILD_DIR}/Kingfisher/Kingfisher.framework/Headers\"",
					"\"${PODS_CONFIGURATION_BUILD_DIR}/TinyConstraints/TinyConstraints.framework/Headers\"",
				);
				INFOPLIST_FILE = FoodCourt/Info.plist;
				LD_RUNPATH_SEARCH_PATHS = (
					"$(inherited)",
					"@executable_path/Frameworks",
				);
				PRODUCT_BUNDLE_IDENTIFIER = com.bmstu.foodcourt;
				PRODUCT_NAME = "$(TARGET_NAME)";
				SWIFT_VERSION = 5.0;
				TARGETED_DEVICE_FAMILY = "1,2";
			};
			name = Release;
		};
/* End XCBuildConfiguration section */

/* Begin XCConfigurationList section */
		5001E57C2448D57200A2EAA1 /* Build configuration list for PBXProject "FoodCourt" */ = {
			isa = XCConfigurationList;
			buildConfigurations = (
				5001E5932448D57300A2EAA1 /* Debug */,
				5001E5942448D57300A2EAA1 /* Release */,
			);
			defaultConfigurationIsVisible = 0;
			defaultConfigurationName = Release;
		};
		5001E5952448D57300A2EAA1 /* Build configuration list for PBXNativeTarget "FoodCourt" */ = {
			isa = XCConfigurationList;
			buildConfigurations = (
				5001E5962448D57300A2EAA1 /* Debug */,
				5001E5972448D57300A2EAA1 /* Release */,
			);
			defaultConfigurationIsVisible = 0;
			defaultConfigurationName = Release;
		};
/* End XCConfigurationList section */
	};
	rootObject = 5001E5792448D57200A2EAA1 /* Project object */;
}
